
Microsoft Visual Studio Solution File, Format Version 12.00
# Visual Studio 14
VisualStudioVersion = 14.0.25123.0
MinimumVisualStudioVersion = 10.0.40219.1
Project("{FAE04EC0-301F-11D3-BF4B-00C04F79EFBC}") = "Microsoft.Dism", "Microsoft.Dism\Microsoft.Dism.csproj", "{E6831090-F1C2-4619-9AB2-01D29272357A}"
EndProject
Project("{FAE04EC0-301F-11D3-BF4B-00C04F79EFBC}") = "Microsoft.Dism.Tests", "Microsoft.Dism.Tests\Microsoft.Dism.Tests.csproj", "{B117C151-941D-4158-AAA2-0B058380988E}"
EndProject
Project("{2150E333-8FDC-42A3-9474-1A3956D46DE8}") = "Solution Items", "Solution Items", "{2173DC1F-7069-4707-963D-04DCF86C4976}"
	ProjectSection(SolutionItems) = preProject
		..\build.props = ..\build.props
	EndProjectSection
EndProject
Global
	GlobalSection(SolutionConfigurationPlatforms) = preSolution
		Debug|Any CPU = Debug|Any CPU
		Debug|x64 = Debug|x64
		Debug|x86 = Debug|x86
		Release|Any CPU = Release|Any CPU
		Release|x64 = Release|x64
		Release|x86 = Release|x86
	EndGlobalSection
	GlobalSection(ProjectConfigurationPlatforms) = postSolution
		{E6831090-F1C2-4619-9AB2-01D29272357A}.Debug|Any CPU.ActiveCfg = Debug|Any CPU
		{E6831090-F1C2-4619-9AB2-01D29272357A}.Debug|Any CPU.Build.0 = Debug|Any CPU
		{E6831090-F1C2-4619-9AB2-01D29272357A}.Debug|x64.ActiveCfg = Debug|x64
		{E6831090-F1C2-4619-9AB2-01D29272357A}.Debug|x64.Build.0 = Debug|x64
		{E6831090-F1C2-4619-9AB2-01D29272357A}.Debug|x86.ActiveCfg = Debug|x86
		{E6831090-F1C2-4619-9AB2-01D29272357A}.Debug|x86.Build.0 = Debug|x86
		{E6831090-F1C2-4619-9AB2-01D29272357A}.Release|Any CPU.ActiveCfg = Release|Any CPU
		{E6831090-F1C2-4619-9AB2-01D29272357A}.Release|Any CPU.Build.0 = Release|Any CPU
		{E6831090-F1C2-4619-9AB2-01D29272357A}.Release|x64.ActiveCfg = Release|x64
		{E6831090-F1C2-4619-9AB2-01D29272357A}.Release|x64.Build.0 = Release|x64
		{E6831090-F1C2-4619-9AB2-01D29272357A}.Release|x86.ActiveCfg = Release|x86
		{E6831090-F1C2-4619-9AB2-01D29272357A}.Release|x86.Build.0 = Release|x86
		{B117C151-941D-4158-AAA2-0B058380988E}.Debug|Any CPU.ActiveCfg = Debug|Any CPU
		{B117C151-941D-4158-AAA2-0B058380988E}.Debug|Any CPU.Build.0 = Debug|Any CPU
		{B117C151-941D-4158-AAA2-0B058380988E}.Debug|x64.ActiveCfg = Debug|Any CPU
		{B117C151-941D-4158-AAA2-0B058380988E}.Debug|x86.ActiveCfg = Debug|Any CPU
		{B117C151-941D-4158-AAA2-0B058380988E}.Release|Any CPU.ActiveCfg = Release|Any CPU
		{B117C151-941D-4158-AAA2-0B058380988E}.Release|Any CPU.Build.0 = Release|Any CPU
		{B117C151-941D-4158-AAA2-0B058380988E}.Release|x64.ActiveCfg = Release|Any CPU
		{B117C151-941D-4158-AAA2-0B058380988E}.Release|x86.ActiveCfg = Release|Any CPU
	EndGlobalSection
	GlobalSection(SolutionProperties) = preSolution
		HideSolutionNode = FALSE
	EndGlobalSection
EndGlobal
